
Microsoft Visual Studio Solution File, Format Version 12.00
# Visual Studio Version 17
VisualStudioVersion = 17.12.35527.113
MinimumVisualStudioVersion = 10.0.40219.1
Project("{2150E333-8FDC-42A3-9474-1A3956D46DE8}") = "Services", "Services", "{C2F5E12A-143C-4904-A83C-A6E3D557229E}"
EndProject
Project("{2150E333-8FDC-42A3-9474-1A3956D46DE8}") = "Catalog", "Catalog", "{4076F022-A0E0-457A-B659-15617D8B06EC}"
EndProject
Project("{FAE04EC0-301F-11D3-BF4B-00C04F79EFBC}") = "Catalog.API", "Services\Catalog\Catalog.API\Catalog.API.csproj", "{ED82DCB9-B5FB-4B40-8364-4F9CD8463759}"
EndProject
Project("{2150E333-8FDC-42A3-9474-1A3956D46DE8}") = "BuildingBlocks", "BuildingBlocks", "{C5979463-1268-45FC-AC5D-988C4CB1DB13}"
EndProject
Project("{FAE04EC0-301F-11D3-BF4B-00C04F79EFBC}") = "BuildingBlocks", "BuildingBlocks\BuildingBlocks\BuildingBlocks.csproj", "{0C066E93-4622-4535-BC74-DD65A5355A9E}"
EndProject
Project("{E53339B2-1760-4266-BCC7-CA923CBCF16C}") = "docker-compose", "docker-compose.dcproj", "{09651737-53F9-43FB-A929-E95D4BCA13FB}"
EndProject
Project("{2150E333-8FDC-42A3-9474-1A3956D46DE8}") = "Basket", "Basket", "{91004C43-326C-4766-A5B4-3B194F9CC2CA}"
EndProject
Project("{FAE04EC0-301F-11D3-BF4B-00C04F79EFBC}") = "Basket.API", "Services\Basket\Basket.API\Basket.API.csproj", "{F11311E7-677E-4CF6-9744-9105486BA867}"
EndProject
Project("{2150E333-8FDC-42A3-9474-1A3956D46DE8}") = "Discount", "Discount", "{02EA681E-C7D8-13C7-8484-4AC65E1B71E8}"
EndProject
Project("{FAE04EC0-301F-11D3-BF4B-00C04F79EFBC}") = "Discount.Grpc", "Services\Discount\Discount.Grpc\Discount.Grpc.csproj", "{DA25A7D2-6676-44BF-8064-5EBD5F35362E}"
EndProject
Project("{2150E333-8FDC-42A3-9474-1A3956D46DE8}") = "Ordering", "Ordering", "{6F7FFB6A-3F92-419E-BC32-D6209202AAEC}"
EndProject
Project("{FAE04EC0-301F-11D3-BF4B-00C04F79EFBC}") = "Ordering.API", "Services\Ordering\Ordering.API\Ordering.API.csproj", "{CA023829-4A9D-4142-B262-96D45839A9CE}"
EndProject
Project("{FAE04EC0-301F-11D3-BF4B-00C04F79EFBC}") = "Ordering.Domain", "Services\Ordering\Ordering.Domain\Ordering.Domain.csproj", "{1BF1FC11-F56E-4B6C-BED9-7E89247FE7EF}"
EndProject
Project("{FAE04EC0-301F-11D3-BF4B-00C04F79EFBC}") = "Ordering.Application", "Services\Ordering\Ordering.Application\Ordering.Application.csproj", "{E3BF5C85-8BF0-48DF-B24E-B126BA7A2A1E}"
EndProject
Project("{FAE04EC0-301F-11D3-BF4B-00C04F79EFBC}") = "Ordering.Infrastructure", "Services\Ordering\Ordering.Infrastructure\Ordering.Infrastructure.csproj", "{5A08A751-AC3E-4686-B708-DEA3CB785BC7}"
EndProject
Global
	GlobalSection(SolutionConfigurationPlatforms) = preSolution
		Debug|Any CPU = Debug|Any CPU
		Release|Any CPU = Release|Any CPU
	EndGlobalSection
	GlobalSection(ProjectConfigurationPlatforms) = postSolution
		{ED82DCB9-B5FB-4B40-8364-4F9CD8463759}.Debug|Any CPU.ActiveCfg = Debug|Any CPU
		{ED82DCB9-B5FB-4B40-8364-4F9CD8463759}.Debug|Any CPU.Build.0 = Debug|Any CPU
		{ED82DCB9-B5FB-4B40-8364-4F9CD8463759}.Release|Any CPU.ActiveCfg = Release|Any CPU
		{ED82DCB9-B5FB-4B40-8364-4F9CD8463759}.Release|Any CPU.Build.0 = Release|Any CPU
		{0C066E93-4622-4535-BC74-DD65A5355A9E}.Debug|Any CPU.ActiveCfg = Debug|Any CPU
		{0C066E93-4622-4535-BC74-DD65A5355A9E}.Debug|Any CPU.Build.0 = Debug|Any CPU
		{0C066E93-4622-4535-BC74-DD65A5355A9E}.Release|Any CPU.ActiveCfg = Release|Any CPU
		{0C066E93-4622-4535-BC74-DD65A5355A9E}.Release|Any CPU.Build.0 = Release|Any CPU
		{09651737-53F9-43FB-A929-E95D4BCA13FB}.Debug|Any CPU.ActiveCfg = Debug|Any CPU
		{09651737-53F9-43FB-A929-E95D4BCA13FB}.Debug|Any CPU.Build.0 = Debug|Any CPU
		{09651737-53F9-43FB-A929-E95D4BCA13FB}.Release|Any CPU.ActiveCfg = Release|Any CPU
		{09651737-53F9-43FB-A929-E95D4BCA13FB}.Release|Any CPU.Build.0 = Release|Any CPU
		{F11311E7-677E-4CF6-9744-9105486BA867}.Debug|Any CPU.ActiveCfg = Debug|Any CPU
		{F11311E7-677E-4CF6-9744-9105486BA867}.Debug|Any CPU.Build.0 = Debug|Any CPU
		{F11311E7-677E-4CF6-9744-9105486BA867}.Release|Any CPU.ActiveCfg = Release|Any CPU
		{F11311E7-677E-4CF6-9744-9105486BA867}.Release|Any CPU.Build.0 = Release|Any CPU
		{DA25A7D2-6676-44BF-8064-5EBD5F35362E}.Debug|Any CPU.ActiveCfg = Debug|Any CPU
		{DA25A7D2-6676-44BF-8064-5EBD5F35362E}.Debug|Any CPU.Build.0 = Debug|Any CPU
		{DA25A7D2-6676-44BF-8064-5EBD5F35362E}.Release|Any CPU.ActiveCfg = Release|Any CPU
		{DA25A7D2-6676-44BF-8064-5EBD5F35362E}.Release|Any CPU.Build.0 = Release|Any CPU
		{CA023829-4A9D-4142-B262-96D45839A9CE}.Debug|Any CPU.ActiveCfg = Debug|Any CPU
		{CA023829-4A9D-4142-B262-96D45839A9CE}.Debug|Any CPU.Build.0 = Debug|Any CPU
		{CA023829-4A9D-4142-B262-96D45839A9CE}.Release|Any CPU.ActiveCfg = Release|Any CPU
		{CA023829-4A9D-4142-B262-96D45839A9CE}.Release|Any CPU.Build.0 = Release|Any CPU
		{1BF1FC11-F56E-4B6C-BED9-7E89247FE7EF}.Debug|Any CPU.ActiveCfg = Debug|Any CPU
		{1BF1FC11-F56E-4B6C-BED9-7E89247FE7EF}.Debug|Any CPU.Build.0 = Debug|Any CPU
		{1BF1FC11-F56E-4B6C-BED9-7E89247FE7EF}.Release|Any CPU.ActiveCfg = Release|Any CPU
		{1BF1FC11-F56E-4B6C-BED9-7E89247FE7EF}.Release|Any CPU.Build.0 = Release|Any CPU
		{E3BF5C85-8BF0-48DF-B24E-B126BA7A2A1E}.Debug|Any CPU.ActiveCfg = Debug|Any CPU
		{E3BF5C85-8BF0-48DF-B24E-B126BA7A2A1E}.Debug|Any CPU.Build.0 = Debug|Any CPU
		{E3BF5C85-8BF0-48DF-B24E-B126BA7A2A1E}.Release|Any CPU.ActiveCfg = Release|Any CPU
		{E3BF5C85-8BF0-48DF-B24E-B126BA7A2A1E}.Release|Any CPU.Build.0 = Release|Any CPU
		{5A08A751-AC3E-4686-B708-DEA3CB785BC7}.Debug|Any CPU.ActiveCfg = Debug|Any CPU
		{5A08A751-AC3E-4686-B708-DEA3CB785BC7}.Debug|Any CPU.Build.0 = Debug|Any CPU
		{5A08A751-AC3E-4686-B708-DEA3CB785BC7}.Release|Any CPU.ActiveCfg = Release|Any CPU
		{5A08A751-AC3E-4686-B708-DEA3CB785BC7}.Release|Any CPU.Build.0 = Release|Any CPU
	EndGlobalSection
	GlobalSection(SolutionProperties) = preSolution
		HideSolutionNode = FALSE
	EndGlobalSection
	GlobalSection(NestedProjects) = preSolution
		{4076F022-A0E0-457A-B659-15617D8B06EC} = {C2F5E12A-143C-4904-A83C-A6E3D557229E}
		{ED82DCB9-B5FB-4B40-8364-4F9CD8463759} = {4076F022-A0E0-457A-B659-15617D8B06EC}
		{0C066E93-4622-4535-BC74-DD65A5355A9E} = {C5979463-1268-45FC-AC5D-988C4CB1DB13}
		{91004C43-326C-4766-A5B4-3B194F9CC2CA} = {C2F5E12A-143C-4904-A83C-A6E3D557229E}
		{F11311E7-677E-4CF6-9744-9105486BA867} = {91004C43-326C-4766-A5B4-3B194F9CC2CA}
		{02EA681E-C7D8-13C7-8484-4AC65E1B71E8} = {C2F5E12A-143C-4904-A83C-A6E3D557229E}
		{DA25A7D2-6676-44BF-8064-5EBD5F35362E} = {02EA681E-C7D8-13C7-8484-4AC65E1B71E8}
		{6F7FFB6A-3F92-419E-BC32-D6209202AAEC} = {C2F5E12A-143C-4904-A83C-A6E3D557229E}
		{CA023829-4A9D-4142-B262-96D45839A9CE} = {6F7FFB6A-3F92-419E-BC32-D6209202AAEC}
		{1BF1FC11-F56E-4B6C-BED9-7E89247FE7EF} = {6F7FFB6A-3F92-419E-BC32-D6209202AAEC}
		{E3BF5C85-8BF0-48DF-B24E-B126BA7A2A1E} = {6F7FFB6A-3F92-419E-BC32-D6209202AAEC}
		{5A08A751-AC3E-4686-B708-DEA3CB785BC7} = {6F7FFB6A-3F92-419E-BC32-D6209202AAEC}
	EndGlobalSection
	GlobalSection(ExtensibilityGlobals) = postSolution
		SolutionGuid = {867E16CA-0844-4590-BC37-3D1909A31713}
	EndGlobalSection
EndGlobal
